
Microsoft Visual Studio Solution File, Format Version 12.00
# Visual Studio Version 17
VisualStudioVersion = 17.0.31903.59
MinimumVisualStudioVersion = 10.0.40219.1
Project("{2150E333-8FDC-42A3-9474-1A3956D46DE8}") = "src", "src", "{827E0CD3-B72D-47B6-A68D-7590B98EB39B}"
EndProject
Project("{FAE04EC0-301F-11D3-BF4B-00C04F79EFBC}") = "Parque.WebApi", "src\Parque.WebApi\Parque.WebApi.csproj", "{BEB5FD82-C469-4D45-8732-609814632CCC}"
EndProject
Project("{FAE04EC0-301F-11D3-BF4B-00C04F79EFBC}") = "Parque.Aplicacion", "src\Parque.Aplicacion\Parque.Aplicacion.csproj", "{69AD530E-4C94-4F6F-9404-494B5E816242}"
EndProject
Project("{FAE04EC0-301F-11D3-BF4B-00C04F79EFBC}") = "Parque.Dominio", "src\Parque.Dominio\Parque.Dominio.csproj", "{1671E9E5-3D3D-4E7A-A438-82C88EE90316}"
EndProject
Project("{FAE04EC0-301F-11D3-BF4B-00C04F79EFBC}") = "Parque.Infraestructura", "src\Parque.Infraestructura\Parque.Infraestructura.csproj", "{73534579-1F61-4EB8-8B07-2ED80F6DB44D}"
EndProject
Project("{2150E333-8FDC-42A3-9474-1A3956D46DE8}") = "tests", "tests", "{0AB3BF05-4346-4AA6-1389-037BE0695223}"
EndProject
Project("{FAE04EC0-301F-11D3-BF4B-00C04F79EFBC}") = "Parque.Dominio.Test", "tests\Parque.Dominio.Test\Parque.Dominio.Test.csproj", "{F78E96AD-EB03-4E66-8B68-CF5897DB9736}"
EndProject
Project("{FAE04EC0-301F-11D3-BF4B-00C04F79EFBC}") = "Parque.Aplicacion.Test", "tests\Parque.Aplicacion.Test\Parque.Aplicacion.Test.csproj", "{3D24A74D-EA2C-4D55-84F3-7CD1EA8070E3}"
EndProject
Project("{FAE04EC0-301F-11D3-BF4B-00C04F79EFBC}") = "Parque.WebApi.Test", "tests\Parque.WebApi.Test\Parque.WebApi.Test.csproj", "{88E9D317-B430-4F1C-A89F-F69BB45E10AC}"
EndProject
Global
	GlobalSection(SolutionConfigurationPlatforms) = preSolution
		Debug|Any CPU = Debug|Any CPU
		Debug|x64 = Debug|x64
		Debug|x86 = Debug|x86
		Release|Any CPU = Release|Any CPU
		Release|x64 = Release|x64
		Release|x86 = Release|x86
	EndGlobalSection
	GlobalSection(ProjectConfigurationPlatforms) = postSolution
		{BEB5FD82-C469-4D45-8732-609814632CCC}.Debug|Any CPU.ActiveCfg = Debug|Any CPU
		{BEB5FD82-C469-4D45-8732-609814632CCC}.Debug|Any CPU.Build.0 = Debug|Any CPU
		{BEB5FD82-C469-4D45-8732-609814632CCC}.Debug|x64.ActiveCfg = Debug|Any CPU
		{BEB5FD82-C469-4D45-8732-609814632CCC}.Debug|x64.Build.0 = Debug|Any CPU
		{BEB5FD82-C469-4D45-8732-609814632CCC}.Debug|x86.ActiveCfg = Debug|Any CPU
		{BEB5FD82-C469-4D45-8732-609814632CCC}.Debug|x86.Build.0 = Debug|Any CPU
		{BEB5FD82-C469-4D45-8732-609814632CCC}.Release|Any CPU.ActiveCfg = Release|Any CPU
		{BEB5FD82-C469-4D45-8732-609814632CCC}.Release|Any CPU.Build.0 = Release|Any CPU
		{BEB5FD82-C469-4D45-8732-609814632CCC}.Release|x64.ActiveCfg = Release|Any CPU
		{BEB5FD82-C469-4D45-8732-609814632CCC}.Release|x64.Build.0 = Release|Any CPU
		{BEB5FD82-C469-4D45-8732-609814632CCC}.Release|x86.ActiveCfg = Release|Any CPU
		{BEB5FD82-C469-4D45-8732-609814632CCC}.Release|x86.Build.0 = Release|Any CPU
		{69AD530E-4C94-4F6F-9404-494B5E816242}.Debug|Any CPU.ActiveCfg = Debug|Any CPU
		{69AD530E-4C94-4F6F-9404-494B5E816242}.Debug|Any CPU.Build.0 = Debug|Any CPU
		{69AD530E-4C94-4F6F-9404-494B5E816242}.Debug|x64.ActiveCfg = Debug|Any CPU
		{69AD530E-4C94-4F6F-9404-494B5E816242}.Debug|x64.Build.0 = Debug|Any CPU
		{69AD530E-4C94-4F6F-9404-494B5E816242}.Debug|x86.ActiveCfg = Debug|Any CPU
		{69AD530E-4C94-4F6F-9404-494B5E816242}.Debug|x86.Build.0 = Debug|Any CPU
		{69AD530E-4C94-4F6F-9404-494B5E816242}.Release|Any CPU.ActiveCfg = Release|Any CPU
		{69AD530E-4C94-4F6F-9404-494B5E816242}.Release|Any CPU.Build.0 = Release|Any CPU
		{69AD530E-4C94-4F6F-9404-494B5E816242}.Release|x64.ActiveCfg = Release|Any CPU
		{69AD530E-4C94-4F6F-9404-494B5E816242}.Release|x64.Build.0 = Release|Any CPU
		{69AD530E-4C94-4F6F-9404-494B5E816242}.Release|x86.ActiveCfg = Release|Any CPU
		{69AD530E-4C94-4F6F-9404-494B5E816242}.Release|x86.Build.0 = Release|Any CPU
		{1671E9E5-3D3D-4E7A-A438-82C88EE90316}.Debug|Any CPU.ActiveCfg = Debug|Any CPU
		{1671E9E5-3D3D-4E7A-A438-82C88EE90316}.Debug|Any CPU.Build.0 = Debug|Any CPU
		{1671E9E5-3D3D-4E7A-A438-82C88EE90316}.Debug|x64.ActiveCfg = Debug|Any CPU
		{1671E9E5-3D3D-4E7A-A438-82C88EE90316}.Debug|x64.Build.0 = Debug|Any CPU
		{1671E9E5-3D3D-4E7A-A438-82C88EE90316}.Debug|x86.ActiveCfg = Debug|Any CPU
		{1671E9E5-3D3D-4E7A-A438-82C88EE90316}.Debug|x86.Build.0 = Debug|Any CPU
		{1671E9E5-3D3D-4E7A-A438-82C88EE90316}.Release|Any CPU.ActiveCfg = Release|Any CPU
		{1671E9E5-3D3D-4E7A-A438-82C88EE90316}.Release|Any CPU.Build.0 = Release|Any CPU
		{1671E9E5-3D3D-4E7A-A438-82C88EE90316}.Release|x64.ActiveCfg = Release|Any CPU
		{1671E9E5-3D3D-4E7A-A438-82C88EE90316}.Release|x64.Build.0 = Release|Any CPU
		{1671E9E5-3D3D-4E7A-A438-82C88EE90316}.Release|x86.ActiveCfg = Release|Any CPU
		{1671E9E5-3D3D-4E7A-A438-82C88EE90316}.Release|x86.Build.0 = Release|Any CPU
		{73534579-1F61-4EB8-8B07-2ED80F6DB44D}.Debug|Any CPU.ActiveCfg = Debug|Any CPU
		{73534579-1F61-4EB8-8B07-2ED80F6DB44D}.Debug|Any CPU.Build.0 = Debug|Any CPU
		{73534579-1F61-4EB8-8B07-2ED80F6DB44D}.Debug|x64.ActiveCfg = Debug|Any CPU
		{73534579-1F61-4EB8-8B07-2ED80F6DB44D}.Debug|x64.Build.0 = Debug|Any CPU
		{73534579-1F61-4EB8-8B07-2ED80F6DB44D}.Debug|x86.ActiveCfg = Debug|Any CPU
		{73534579-1F61-4EB8-8B07-2ED80F6DB44D}.Debug|x86.Build.0 = Debug|Any CPU
		{73534579-1F61-4EB8-8B07-2ED80F6DB44D}.Release|Any CPU.ActiveCfg = Release|Any CPU
		{73534579-1F61-4EB8-8B07-2ED80F6DB44D}.Release|Any CPU.Build.0 = Release|Any CPU
		{73534579-1F61-4EB8-8B07-2ED80F6DB44D}.Release|x64.ActiveCfg = Release|Any CPU
		{73534579-1F61-4EB8-8B07-2ED80F6DB44D}.Release|x64.Build.0 = Release|Any CPU
		{73534579-1F61-4EB8-8B07-2ED80F6DB44D}.Release|x86.ActiveCfg = Release|Any CPU
		{73534579-1F61-4EB8-8B07-2ED80F6DB44D}.Release|x86.Build.0 = Release|Any CPU
		{F78E96AD-EB03-4E66-8B68-CF5897DB9736}.Debug|Any CPU.ActiveCfg = Debug|Any CPU
		{F78E96AD-EB03-4E66-8B68-CF5897DB9736}.Debug|Any CPU.Build.0 = Debug|Any CPU
		{F78E96AD-EB03-4E66-8B68-CF5897DB9736}.Debug|x64.ActiveCfg = Debug|Any CPU
		{F78E96AD-EB03-4E66-8B68-CF5897DB9736}.Debug|x64.Build.0 = Debug|Any CPU
		{F78E96AD-EB03-4E66-8B68-CF5897DB9736}.Debug|x86.ActiveCfg = Debug|Any CPU
		{F78E96AD-EB03-4E66-8B68-CF5897DB9736}.Debug|x86.Build.0 = Debug|Any CPU
		{F78E96AD-EB03-4E66-8B68-CF5897DB9736}.Release|Any CPU.ActiveCfg = Release|Any CPU
		{F78E96AD-EB03-4E66-8B68-CF5897DB9736}.Release|Any CPU.Build.0 = Release|Any CPU
		{F78E96AD-EB03-4E66-8B68-CF5897DB9736}.Release|x64.ActiveCfg = Release|Any CPU
		{F78E96AD-EB03-4E66-8B68-CF5897DB9736}.Release|x64.Build.0 = Release|Any CPU
		{F78E96AD-EB03-4E66-8B68-CF5897DB9736}.Release|x86.ActiveCfg = Release|Any CPU
		{F78E96AD-EB03-4E66-8B68-CF5897DB9736}.Release|x86.Build.0 = Release|Any CPU
		{3D24A74D-EA2C-4D55-84F3-7CD1EA8070E3}.Debug|Any CPU.ActiveCfg = Debug|Any CPU
		{3D24A74D-EA2C-4D55-84F3-7CD1EA8070E3}.Debug|Any CPU.Build.0 = Debug|Any CPU
		{3D24A74D-EA2C-4D55-84F3-7CD1EA8070E3}.Debug|x64.ActiveCfg = Debug|Any CPU
		{3D24A74D-EA2C-4D55-84F3-7CD1EA8070E3}.Debug|x64.Build.0 = Debug|Any CPU
		{3D24A74D-EA2C-4D55-84F3-7CD1EA8070E3}.Debug|x86.ActiveCfg = Debug|Any CPU
		{3D24A74D-EA2C-4D55-84F3-7CD1EA8070E3}.Debug|x86.Build.0 = Debug|Any CPU
		{3D24A74D-EA2C-4D55-84F3-7CD1EA8070E3}.Release|Any CPU.ActiveCfg = Release|Any CPU
		{3D24A74D-EA2C-4D55-84F3-7CD1EA8070E3}.Release|Any CPU.Build.0 = Release|Any CPU
		{3D24A74D-EA2C-4D55-84F3-7CD1EA8070E3}.Release|x64.ActiveCfg = Release|Any CPU
		{3D24A74D-EA2C-4D55-84F3-7CD1EA8070E3}.Release|x64.Build.0 = Release|Any CPU
		{3D24A74D-EA2C-4D55-84F3-7CD1EA8070E3}.Release|x86.ActiveCfg = Release|Any CPU
		{3D24A74D-EA2C-4D55-84F3-7CD1EA8070E3}.Release|x86.Build.0 = Release|Any CPU
		{88E9D317-B430-4F1C-A89F-F69BB45E10AC}.Debug|Any CPU.ActiveCfg = Debug|Any CPU
		{88E9D317-B430-4F1C-A89F-F69BB45E10AC}.Debug|Any CPU.Build.0 = Debug|Any CPU
		{88E9D317-B430-4F1C-A89F-F69BB45E10AC}.Debug|x64.ActiveCfg = Debug|Any CPU
		{88E9D317-B430-4F1C-A89F-F69BB45E10AC}.Debug|x64.Build.0 = Debug|Any CPU
		{88E9D317-B430-4F1C-A89F-F69BB45E10AC}.Debug|x86.ActiveCfg = Debug|Any CPU
		{88E9D317-B430-4F1C-A89F-F69BB45E10AC}.Debug|x86.Build.0 = Debug|Any CPU
		{88E9D317-B430-4F1C-A89F-F69BB45E10AC}.Release|Any CPU.ActiveCfg = Release|Any CPU
		{88E9D317-B430-4F1C-A89F-F69BB45E10AC}.Release|Any CPU.Build.0 = Release|Any CPU
		{88E9D317-B430-4F1C-A89F-F69BB45E10AC}.Release|x64.ActiveCfg = Release|Any CPU
		{88E9D317-B430-4F1C-A89F-F69BB45E10AC}.Release|x64.Build.0 = Release|Any CPU
		{88E9D317-B430-4F1C-A89F-F69BB45E10AC}.Release|x86.ActiveCfg = Release|Any CPU
		{88E9D317-B430-4F1C-A89F-F69BB45E10AC}.Release|x86.Build.0 = Release|Any CPU
	EndGlobalSection
	GlobalSection(SolutionProperties) = preSolution
		HideSolutionNode = FALSE
	EndGlobalSection
	GlobalSection(NestedProjects) = preSolution
		{BEB5FD82-C469-4D45-8732-609814632CCC} = {827E0CD3-B72D-47B6-A68D-7590B98EB39B}
		{69AD530E-4C94-4F6F-9404-494B5E816242} = {827E0CD3-B72D-47B6-A68D-7590B98EB39B}
		{1671E9E5-3D3D-4E7A-A438-82C88EE90316} = {827E0CD3-B72D-47B6-A68D-7590B98EB39B}
		{73534579-1F61-4EB8-8B07-2ED80F6DB44D} = {827E0CD3-B72D-47B6-A68D-7590B98EB39B}
		{F78E96AD-EB03-4E66-8B68-CF5897DB9736} = {0AB3BF05-4346-4AA6-1389-037BE0695223}
		{3D24A74D-EA2C-4D55-84F3-7CD1EA8070E3} = {0AB3BF05-4346-4AA6-1389-037BE0695223}
		{88E9D317-B430-4F1C-A89F-F69BB45E10AC} = {0AB3BF05-4346-4AA6-1389-037BE0695223}
	EndGlobalSection
EndGlobal
